
Microsoft Visual Studio Solution File, Format Version 12.00
# Visual Studio 14
VisualStudioVersion = 14.0.25420.1
MinimumVisualStudioVersion = 10.0.40219.1
Project("{FAE04EC0-301F-11D3-BF4B-00C04F79EFBC}") = "TeachingKids", "TeachingKids\TeachingKids.csproj", "{AC7A8DDA-7FFB-4CFC-82C3-9E50C6A18993}"
EndProject
Project("{FAE04EC0-301F-11D3-BF4B-00C04F79EFBC}") = "WindowsFormsApplication1", "WindowsFormsApplication1\WindowsFormsApplication1.csproj", "{F5DB8E58-59E3-4366-9A41-AD1F4553DC2A}"
EndProject
Project("{FAE04EC0-301F-11D3-BF4B-00C04F79EFBC}") = "StringFunctions", "StringFunctions\StringFunctions.csproj", "{66D6D3F6-9EB0-4159-9295-3FC1032DFC49}"
EndProject
Global
	GlobalSection(SolutionConfigurationPlatforms) = preSolution
		Debug|Any CPU = Debug|Any CPU
		Release|Any CPU = Release|Any CPU
	EndGlobalSection
	GlobalSection(ProjectConfigurationPlatforms) = postSolution
		{AC7A8DDA-7FFB-4CFC-82C3-9E50C6A18993}.Debug|Any CPU.ActiveCfg = Debug|Any CPU
		{AC7A8DDA-7FFB-4CFC-82C3-9E50C6A18993}.Debug|Any CPU.Build.0 = Debug|Any CPU
		{AC7A8DDA-7FFB-4CFC-82C3-9E50C6A18993}.Release|Any CPU.ActiveCfg = Release|Any CPU
		{AC7A8DDA-7FFB-4CFC-82C3-9E50C6A18993}.Release|Any CPU.Build.0 = Release|Any CPU
		{F5DB8E58-59E3-4366-9A41-AD1F4553DC2A}.Debug|Any CPU.ActiveCfg = Debug|Any CPU
		{F5DB8E58-59E3-4366-9A41-AD1F4553DC2A}.Debug|Any CPU.Build.0 = Debug|Any CPU
		{F5DB8E58-59E3-4366-9A41-AD1F4553DC2A}.Release|Any CPU.ActiveCfg = Release|Any CPU
		{F5DB8E58-59E3-4366-9A41-AD1F4553DC2A}.Release|Any CPU.Build.0 = Release|Any CPU
		{66D6D3F6-9EB0-4159-9295-3FC1032DFC49}.Debug|Any CPU.ActiveCfg = Debug|Any CPU
		{66D6D3F6-9EB0-4159-9295-3FC1032DFC49}.Debug|Any CPU.Build.0 = Debug|Any CPU
		{66D6D3F6-9EB0-4159-9295-3FC1032DFC49}.Release|Any CPU.ActiveCfg = Release|Any CPU
		{66D6D3F6-9EB0-4159-9295-3FC1032DFC49}.Release|Any CPU.Build.0 = Release|Any CPU
	EndGlobalSection
	GlobalSection(SolutionProperties) = preSolution
		HideSolutionNode = FALSE
	EndGlobalSection
EndGlobal
